
Microsoft Visual Studio Solution File, Format Version 12.00
# Visual Studio Version 17
VisualStudioVersion = 17.1.32421.90
MinimumVisualStudioVersion = 10.0.40219.1
Project("{9A19103F-16F7-4668-BE54-9A1E7A4F7556}") = "WinVirshViewer", "WinVirshViewer\WinVirshViewer.csproj", "{36DD2A4A-2549-4569-9C12-D7C107F82DF1}"
EndProject
Project("{9A19103F-16F7-4668-BE54-9A1E7A4F7556}") = "VirshLib", "VirshLib\VirshLib.csproj", "{C0C07C46-6503-48B1-8369-F9192A541CE1}"
EndProject
Project("{2150E333-8FDC-42A3-9474-1A3956D46DE8}") = "Solution Items", "Solution Items", "{B4DA89EE-5855-45E7-94A8-7C15D4FAA1AF}"
	ProjectSection(SolutionItems) = preProject
		README.md = README.md
	EndProjectSection
EndProject
Global
	GlobalSection(SolutionConfigurationPlatforms) = preSolution
		Debug|Any CPU = Debug|Any CPU
		Release|Any CPU = Release|Any CPU
	EndGlobalSection
	GlobalSection(ProjectConfigurationPlatforms) = postSolution
		{36DD2A4A-2549-4569-9C12-D7C107F82DF1}.Debug|Any CPU.ActiveCfg = Debug|Any CPU
		{36DD2A4A-2549-4569-9C12-D7C107F82DF1}.Debug|Any CPU.Build.0 = Debug|Any CPU
		{36DD2A4A-2549-4569-9C12-D7C107F82DF1}.Release|Any CPU.ActiveCfg = Release|Any CPU
		{36DD2A4A-2549-4569-9C12-D7C107F82DF1}.Release|Any CPU.Build.0 = Release|Any CPU
		{C0C07C46-6503-48B1-8369-F9192A541CE1}.Debug|Any CPU.ActiveCfg = Debug|Any CPU
		{C0C07C46-6503-48B1-8369-F9192A541CE1}.Debug|Any CPU.Build.0 = Debug|Any CPU
		{C0C07C46-6503-48B1-8369-F9192A541CE1}.Release|Any CPU.ActiveCfg = Release|Any CPU
		{C0C07C46-6503-48B1-8369-F9192A541CE1}.Release|Any CPU.Build.0 = Release|Any CPU
	EndGlobalSection
	GlobalSection(SolutionProperties) = preSolution
		HideSolutionNode = FALSE
	EndGlobalSection
	GlobalSection(ExtensibilityGlobals) = postSolution
		SolutionGuid = {A75C4564-D745-4F57-93C8-34C96674571F}
	EndGlobalSection
EndGlobal
